
Microsoft Visual Studio Solution File, Format Version 12.00
# Visual Studio Version 16
VisualStudioVersion = 16.0.30413.136
MinimumVisualStudioVersion = 10.0.40219.1
Project("{FAE04EC0-301F-11D3-BF4B-00C04F79EFBC}") = "DrawShapes", "DrawShapes.csproj", "{190BEC70-B7A8-463D-92A1-A4E4FEA4ABAA}"
EndProject
Global
	GlobalSection(SolutionConfigurationPlatforms) = preSolution
		Debug|Any CPU = Debug|Any CPU
		Release|Any CPU = Release|Any CPU
	EndGlobalSection
	GlobalSection(ProjectConfigurationPlatforms) = postSolution
		{190BEC70-B7A8-463D-92A1-A4E4FEA4ABAA}.Debug|Any CPU.ActiveCfg = Debug|Any CPU
		{190BEC70-B7A8-463D-92A1-A4E4FEA4ABAA}.Debug|Any CPU.Build.0 = Debug|Any CPU
		{190BEC70-B7A8-463D-92A1-A4E4FEA4ABAA}.Release|Any CPU.ActiveCfg = Release|Any CPU
		{190BEC70-B7A8-463D-92A1-A4E4FEA4ABAA}.Release|Any CPU.Build.0 = Release|Any CPU
	EndGlobalSection
	GlobalSection(SolutionProperties) = preSolution
		HideSolutionNode = FALSE
	EndGlobalSection
	GlobalSection(ExtensibilityGlobals) = postSolution
		SolutionGuid = {99F11256-7A8A-4ADA-990E-83C297E32EB1}
	EndGlobalSection
EndGlobal
